
Microsoft Visual Studio Solution File, Format Version 12.00
# Visual Studio Version 17
VisualStudioVersion = 17.4.33103.184
MinimumVisualStudioVersion = 10.0.40219.1
Project("{FAE04EC0-301F-11D3-BF4B-00C04F79EFBC}") = "Console_App_TP1", "Console_App_TP1\Console_App_TP1.csproj", "{F21C2370-3027-47A1-8A7E-FAC794AD8117}"
EndProject
Project("{FAE04EC0-301F-11D3-BF4B-00C04F79EFBC}") = "TestProject_1", "TestProject_1\TestProject_1.csproj", "{23E77488-EC5F-419B-9C0C-3685ED77BF0D}"
EndProject
Global
	GlobalSection(SolutionConfigurationPlatforms) = preSolution
		Debug|Any CPU = Debug|Any CPU
		Release|Any CPU = Release|Any CPU
	EndGlobalSection
	GlobalSection(ProjectConfigurationPlatforms) = postSolution
		{F21C2370-3027-47A1-8A7E-FAC794AD8117}.Debug|Any CPU.ActiveCfg = Debug|Any CPU
		{F21C2370-3027-47A1-8A7E-FAC794AD8117}.Debug|Any CPU.Build.0 = Debug|Any CPU
		{F21C2370-3027-47A1-8A7E-FAC794AD8117}.Release|Any CPU.ActiveCfg = Release|Any CPU
		{F21C2370-3027-47A1-8A7E-FAC794AD8117}.Release|Any CPU.Build.0 = Release|Any CPU
		{23E77488-EC5F-419B-9C0C-3685ED77BF0D}.Debug|Any CPU.ActiveCfg = Debug|Any CPU
		{23E77488-EC5F-419B-9C0C-3685ED77BF0D}.Debug|Any CPU.Build.0 = Debug|Any CPU
		{23E77488-EC5F-419B-9C0C-3685ED77BF0D}.Release|Any CPU.ActiveCfg = Release|Any CPU
		{23E77488-EC5F-419B-9C0C-3685ED77BF0D}.Release|Any CPU.Build.0 = Release|Any CPU
	EndGlobalSection
	GlobalSection(SolutionProperties) = preSolution
		HideSolutionNode = FALSE
	EndGlobalSection
	GlobalSection(ExtensibilityGlobals) = postSolution
		SolutionGuid = {A1D37D11-41F6-4BB4-8983-7A4CDC4F5480}
	EndGlobalSection
EndGlobal
